
Microsoft Visual Studio Solution File, Format Version 12.00
# Visual Studio 15
VisualStudioVersion = 15.0.27428.2005
MinimumVisualStudioVersion = 10.0.40219.1
Project("{FAE04EC0-301F-11D3-BF4B-00C04F79EFBC}") = "FizzBuzzTree", "FizzBuzzTree\FizzBuzzTree.csproj", "{4CCBEABC-940C-4B4B-BC25-47B571DD44EE}"
EndProject
Project("{9A19103F-16F7-4668-BE54-9A1E7A4F7556}") = "BinaryTree", "..\..\Data_Structures\BinaryTree\BinaryTree\BinaryTree.csproj", "{31863AA3-B0D9-4118-B5A6-3EF2B9495096}"
EndProject
Project("{FAE04EC0-301F-11D3-BF4B-00C04F79EFBC}") = "FizzBuzzTreeTest", "FizzBuzzTreeTest\FizzBuzzTreeTest.csproj", "{999B0B2E-71A5-444C-9F00-298D41C28099}"
EndProject
Global
	GlobalSection(SolutionConfigurationPlatforms) = preSolution
		Debug|Any CPU = Debug|Any CPU
		Release|Any CPU = Release|Any CPU
	EndGlobalSection
	GlobalSection(ProjectConfigurationPlatforms) = postSolution
		{4CCBEABC-940C-4B4B-BC25-47B571DD44EE}.Debug|Any CPU.ActiveCfg = Debug|Any CPU
		{4CCBEABC-940C-4B4B-BC25-47B571DD44EE}.Debug|Any CPU.Build.0 = Debug|Any CPU
		{4CCBEABC-940C-4B4B-BC25-47B571DD44EE}.Release|Any CPU.ActiveCfg = Release|Any CPU
		{4CCBEABC-940C-4B4B-BC25-47B571DD44EE}.Release|Any CPU.Build.0 = Release|Any CPU
		{31863AA3-B0D9-4118-B5A6-3EF2B9495096}.Debug|Any CPU.ActiveCfg = Debug|Any CPU
		{31863AA3-B0D9-4118-B5A6-3EF2B9495096}.Debug|Any CPU.Build.0 = Debug|Any CPU
		{31863AA3-B0D9-4118-B5A6-3EF2B9495096}.Release|Any CPU.ActiveCfg = Release|Any CPU
		{31863AA3-B0D9-4118-B5A6-3EF2B9495096}.Release|Any CPU.Build.0 = Release|Any CPU
		{999B0B2E-71A5-444C-9F00-298D41C28099}.Debug|Any CPU.ActiveCfg = Debug|Any CPU
		{999B0B2E-71A5-444C-9F00-298D41C28099}.Debug|Any CPU.Build.0 = Debug|Any CPU
		{999B0B2E-71A5-444C-9F00-298D41C28099}.Release|Any CPU.ActiveCfg = Release|Any CPU
		{999B0B2E-71A5-444C-9F00-298D41C28099}.Release|Any CPU.Build.0 = Release|Any CPU
	EndGlobalSection
	GlobalSection(SolutionProperties) = preSolution
		HideSolutionNode = FALSE
	EndGlobalSection
	GlobalSection(ExtensibilityGlobals) = postSolution
		SolutionGuid = {46C8AE1D-B400-4E75-9515-8142D6E407A9}
	EndGlobalSection
EndGlobal
