
Microsoft Visual Studio Solution File, Format Version 12.00
# Visual Studio 15
VisualStudioVersion = 15.0.27428.2005
MinimumVisualStudioVersion = 10.0.40219.1
Project("{FAE04EC0-301F-11D3-BF4B-00C04F79EFBC}") = "FifoAnimalShelter", "FifoAnimalShelter\FifoAnimalShelter.csproj", "{384F2B97-4517-4273-BE4B-9B6A425F78FF}"
EndProject
Project("{FAE04EC0-301F-11D3-BF4B-00C04F79EFBC}") = "FifoAnimalShelterTest", "FifoAnimalShelterTest\FifoAnimalShelterTest.csproj", "{D5856277-67D5-43CE-9E81-0269FA4AFC3F}"
EndProject
Project("{9A19103F-16F7-4668-BE54-9A1E7A4F7556}") = "StackAndQueue", "..\..\Data_Structures\StackAndQueue\StackAndQueue\StackAndQueue.csproj", "{9325135C-B9C7-4BE5-9A24-9A52FBBD8F79}"
EndProject
Global
	GlobalSection(SolutionConfigurationPlatforms) = preSolution
		Debug|Any CPU = Debug|Any CPU
		Release|Any CPU = Release|Any CPU
	EndGlobalSection
	GlobalSection(ProjectConfigurationPlatforms) = postSolution
		{384F2B97-4517-4273-BE4B-9B6A425F78FF}.Debug|Any CPU.ActiveCfg = Debug|Any CPU
		{384F2B97-4517-4273-BE4B-9B6A425F78FF}.Debug|Any CPU.Build.0 = Debug|Any CPU
		{384F2B97-4517-4273-BE4B-9B6A425F78FF}.Release|Any CPU.ActiveCfg = Release|Any CPU
		{384F2B97-4517-4273-BE4B-9B6A425F78FF}.Release|Any CPU.Build.0 = Release|Any CPU
		{D5856277-67D5-43CE-9E81-0269FA4AFC3F}.Debug|Any CPU.ActiveCfg = Debug|Any CPU
		{D5856277-67D5-43CE-9E81-0269FA4AFC3F}.Debug|Any CPU.Build.0 = Debug|Any CPU
		{D5856277-67D5-43CE-9E81-0269FA4AFC3F}.Release|Any CPU.ActiveCfg = Release|Any CPU
		{D5856277-67D5-43CE-9E81-0269FA4AFC3F}.Release|Any CPU.Build.0 = Release|Any CPU
		{9325135C-B9C7-4BE5-9A24-9A52FBBD8F79}.Debug|Any CPU.ActiveCfg = Debug|Any CPU
		{9325135C-B9C7-4BE5-9A24-9A52FBBD8F79}.Debug|Any CPU.Build.0 = Debug|Any CPU
		{9325135C-B9C7-4BE5-9A24-9A52FBBD8F79}.Release|Any CPU.ActiveCfg = Release|Any CPU
		{9325135C-B9C7-4BE5-9A24-9A52FBBD8F79}.Release|Any CPU.Build.0 = Release|Any CPU
	EndGlobalSection
	GlobalSection(SolutionProperties) = preSolution
		HideSolutionNode = FALSE
	EndGlobalSection
	GlobalSection(ExtensibilityGlobals) = postSolution
		SolutionGuid = {140A6005-858A-419B-9A32-7AE0209BE5A1}
	EndGlobalSection
EndGlobal
