
Microsoft Visual Studio Solution File, Format Version 12.00
# Visual Studio 15
VisualStudioVersion = 15.0.27428.2005
MinimumVisualStudioVersion = 10.0.40219.1
Project("{FAE04EC0-301F-11D3-BF4B-00C04F79EFBC}") = "BinarySearch", "BinarySearch\BinarySearch.csproj", "{864E2FC2-BA74-4283-BA54-15292C93C8FF}"
EndProject
Project("{FAE04EC0-301F-11D3-BF4B-00C04F79EFBC}") = "BinarySearchTest", "BinarySearchTest\BinarySearchTest.csproj", "{64B3E12C-FABE-4300-B308-FBBCDBC20685}"
EndProject
Global
	GlobalSection(SolutionConfigurationPlatforms) = preSolution
		Debug|Any CPU = Debug|Any CPU
		Release|Any CPU = Release|Any CPU
	EndGlobalSection
	GlobalSection(ProjectConfigurationPlatforms) = postSolution
		{864E2FC2-BA74-4283-BA54-15292C93C8FF}.Debug|Any CPU.ActiveCfg = Debug|Any CPU
		{864E2FC2-BA74-4283-BA54-15292C93C8FF}.Debug|Any CPU.Build.0 = Debug|Any CPU
		{864E2FC2-BA74-4283-BA54-15292C93C8FF}.Release|Any CPU.ActiveCfg = Release|Any CPU
		{864E2FC2-BA74-4283-BA54-15292C93C8FF}.Release|Any CPU.Build.0 = Release|Any CPU
		{64B3E12C-FABE-4300-B308-FBBCDBC20685}.Debug|Any CPU.ActiveCfg = Debug|Any CPU
		{64B3E12C-FABE-4300-B308-FBBCDBC20685}.Debug|Any CPU.Build.0 = Debug|Any CPU
		{64B3E12C-FABE-4300-B308-FBBCDBC20685}.Release|Any CPU.ActiveCfg = Release|Any CPU
		{64B3E12C-FABE-4300-B308-FBBCDBC20685}.Release|Any CPU.Build.0 = Release|Any CPU
	EndGlobalSection
	GlobalSection(SolutionProperties) = preSolution
		HideSolutionNode = FALSE
	EndGlobalSection
	GlobalSection(ExtensibilityGlobals) = postSolution
		SolutionGuid = {5C6488D3-82FC-4D0C-938C-F5973DE28621}
	EndGlobalSection
EndGlobal
