
Microsoft Visual Studio Solution File, Format Version 12.00
# Visual Studio 15
VisualStudioVersion = 15.0.27428.2005
MinimumVisualStudioVersion = 10.0.40219.1
Project("{FAE04EC0-301F-11D3-BF4B-00C04F79EFBC}") = "LL_KthFromEnd", "LL_KthFromEnd\LL_KthFromEnd.csproj", "{C646ABA8-C502-4330-B238-F312ED0AEF64}"
EndProject
Project("{9A19103F-16F7-4668-BE54-9A1E7A4F7556}") = "SinglyLinkedList", "..\..\..\Data Structures\Implementations\SinglyLinkedList\SinglyLinkedList\SinglyLinkedList.csproj", "{585B4C5D-B7C3-47EF-889C-B1E9CE08E33C}"
EndProject
Project("{FAE04EC0-301F-11D3-BF4B-00C04F79EFBC}") = "LL_KthFromEndTest", "LL_KthFromEndTest\LL_KthFromEndTest.csproj", "{8243352B-B13A-44CA-937C-C2DFEE8DCC64}"
EndProject
Project("{9A19103F-16F7-4668-BE54-9A1E7A4F7556}") = "LL_Insertions", "..\..\LL_Insertions\LL_Insertions\LL_Insertions.csproj", "{AB92EF97-F833-4B1A-A9AD-C19E64293724}"
EndProject
Global
	GlobalSection(SolutionConfigurationPlatforms) = preSolution
		Debug|Any CPU = Debug|Any CPU
		Release|Any CPU = Release|Any CPU
	EndGlobalSection
	GlobalSection(ProjectConfigurationPlatforms) = postSolution
		{C646ABA8-C502-4330-B238-F312ED0AEF64}.Debug|Any CPU.ActiveCfg = Debug|Any CPU
		{C646ABA8-C502-4330-B238-F312ED0AEF64}.Debug|Any CPU.Build.0 = Debug|Any CPU
		{C646ABA8-C502-4330-B238-F312ED0AEF64}.Release|Any CPU.ActiveCfg = Release|Any CPU
		{C646ABA8-C502-4330-B238-F312ED0AEF64}.Release|Any CPU.Build.0 = Release|Any CPU
		{585B4C5D-B7C3-47EF-889C-B1E9CE08E33C}.Debug|Any CPU.ActiveCfg = Debug|Any CPU
		{585B4C5D-B7C3-47EF-889C-B1E9CE08E33C}.Debug|Any CPU.Build.0 = Debug|Any CPU
		{585B4C5D-B7C3-47EF-889C-B1E9CE08E33C}.Release|Any CPU.ActiveCfg = Release|Any CPU
		{585B4C5D-B7C3-47EF-889C-B1E9CE08E33C}.Release|Any CPU.Build.0 = Release|Any CPU
		{8243352B-B13A-44CA-937C-C2DFEE8DCC64}.Debug|Any CPU.ActiveCfg = Debug|Any CPU
		{8243352B-B13A-44CA-937C-C2DFEE8DCC64}.Debug|Any CPU.Build.0 = Debug|Any CPU
		{8243352B-B13A-44CA-937C-C2DFEE8DCC64}.Release|Any CPU.ActiveCfg = Release|Any CPU
		{8243352B-B13A-44CA-937C-C2DFEE8DCC64}.Release|Any CPU.Build.0 = Release|Any CPU
		{AB92EF97-F833-4B1A-A9AD-C19E64293724}.Debug|Any CPU.ActiveCfg = Debug|Any CPU
		{AB92EF97-F833-4B1A-A9AD-C19E64293724}.Debug|Any CPU.Build.0 = Debug|Any CPU
		{AB92EF97-F833-4B1A-A9AD-C19E64293724}.Release|Any CPU.ActiveCfg = Release|Any CPU
		{AB92EF97-F833-4B1A-A9AD-C19E64293724}.Release|Any CPU.Build.0 = Release|Any CPU
	EndGlobalSection
	GlobalSection(SolutionProperties) = preSolution
		HideSolutionNode = FALSE
	EndGlobalSection
	GlobalSection(ExtensibilityGlobals) = postSolution
		SolutionGuid = {C5995F4B-D6BC-4912-AEFB-08AADD30C9A3}
	EndGlobalSection
EndGlobal
