
Microsoft Visual Studio Solution File, Format Version 12.00
# Visual Studio 15
VisualStudioVersion = 15.0.27428.2037
MinimumVisualStudioVersion = 10.0.40219.1
Project("{FAE04EC0-301F-11D3-BF4B-00C04F79EFBC}") = "MergeSort", "MergeSort\MergeSort.csproj", "{191F0D5E-8B66-47D1-A837-CEAF575E6A04}"
EndProject
Global
	GlobalSection(SolutionConfigurationPlatforms) = preSolution
		Debug|Any CPU = Debug|Any CPU
		Release|Any CPU = Release|Any CPU
	EndGlobalSection
	GlobalSection(ProjectConfigurationPlatforms) = postSolution
		{191F0D5E-8B66-47D1-A837-CEAF575E6A04}.Debug|Any CPU.ActiveCfg = Debug|Any CPU
		{191F0D5E-8B66-47D1-A837-CEAF575E6A04}.Debug|Any CPU.Build.0 = Debug|Any CPU
		{191F0D5E-8B66-47D1-A837-CEAF575E6A04}.Release|Any CPU.ActiveCfg = Release|Any CPU
		{191F0D5E-8B66-47D1-A837-CEAF575E6A04}.Release|Any CPU.Build.0 = Release|Any CPU
	EndGlobalSection
	GlobalSection(SolutionProperties) = preSolution
		HideSolutionNode = FALSE
	EndGlobalSection
	GlobalSection(ExtensibilityGlobals) = postSolution
		SolutionGuid = {7EA6A44E-970E-4C5F-B79E-10BDA1E989AD}
	EndGlobalSection
EndGlobal
